
Microsoft Visual Studio Solution File, Format Version 12.00
# Visual Studio Version 16
VisualStudioVersion = 16.0.31313.79
MinimumVisualStudioVersion = 10.0.40219.1
Project("{FAE04EC0-301F-11D3-BF4B-00C04F79EFBC}") = "core mvc git exercise", "core mvc git exercise.csproj", "{F7AAF740-E46A-417F-973C-B6E6F7437240}"
EndProject
Global
	GlobalSection(SolutionConfigurationPlatforms) = preSolution
		Debug|Any CPU = Debug|Any CPU
		Release|Any CPU = Release|Any CPU
	EndGlobalSection
	GlobalSection(ProjectConfigurationPlatforms) = postSolution
		{F7AAF740-E46A-417F-973C-B6E6F7437240}.Debug|Any CPU.ActiveCfg = Debug|Any CPU
		{F7AAF740-E46A-417F-973C-B6E6F7437240}.Debug|Any CPU.Build.0 = Debug|Any CPU
		{F7AAF740-E46A-417F-973C-B6E6F7437240}.Release|Any CPU.ActiveCfg = Release|Any CPU
		{F7AAF740-E46A-417F-973C-B6E6F7437240}.Release|Any CPU.Build.0 = Release|Any CPU
	EndGlobalSection
	GlobalSection(SolutionProperties) = preSolution
		HideSolutionNode = FALSE
	EndGlobalSection
	GlobalSection(ExtensibilityGlobals) = postSolution
		SolutionGuid = {8DE74D52-AB31-4610-991B-DE6483FA3707}
	EndGlobalSection
EndGlobal
